
Microsoft Visual Studio Solution File, Format Version 12.00
# Visual Studio Version 17
VisualStudioVersion = 17.9.34607.119
MinimumVisualStudioVersion = 10.0.40219.1
Project("{FAE04EC0-301F-11D3-BF4B-00C04F79EFBC}") = "Projeto Lista de Compras", "Projeto Lista de Compras\Projeto Lista de Compras.csproj", "{93D29AE7-1EEB-42F7-831A-7585E45FD144}"
EndProject
Global
	GlobalSection(SolutionConfigurationPlatforms) = preSolution
		Debug|Any CPU = Debug|Any CPU
		Release|Any CPU = Release|Any CPU
	EndGlobalSection
	GlobalSection(ProjectConfigurationPlatforms) = postSolution
		{93D29AE7-1EEB-42F7-831A-7585E45FD144}.Debug|Any CPU.ActiveCfg = Debug|Any CPU
		{93D29AE7-1EEB-42F7-831A-7585E45FD144}.Debug|Any CPU.Build.0 = Debug|Any CPU
		{93D29AE7-1EEB-42F7-831A-7585E45FD144}.Release|Any CPU.ActiveCfg = Release|Any CPU
		{93D29AE7-1EEB-42F7-831A-7585E45FD144}.Release|Any CPU.Build.0 = Release|Any CPU
	EndGlobalSection
	GlobalSection(SolutionProperties) = preSolution
		HideSolutionNode = FALSE
	EndGlobalSection
	GlobalSection(ExtensibilityGlobals) = postSolution
		SolutionGuid = {5E048938-010C-4E5D-A577-A6787B51C47D}
	EndGlobalSection
EndGlobal
